<Solution>
  <Folder Name="/Engine/">
    <Project Path="source/Stageplay.Runtime/Stageplay.Runtime.csproj" />
    <Project Path="source\Stageplay.ContentBuilder\Stageplay.ContentBuilder.csproj" />
  </Folder>
  <Folder Name="/Engine/Platforms/">
    <Project Path="source\Stageplay.Platform.Steamworks\Stageplay.Platform.Steamworks.csproj" />
  </Folder>
  <Folder Name="/Examples/">
    <Project Path="source\examples\Stageplay.Example\Stageplay.Example.csproj" />
    <Project Path="source\examples\Stageplay.Example.ContentBuilder\Stageplay.Example.ContentBuilder.csproj" />
  </Folder>
  <Folder Name="/Tests/">
    <Project Path="source/Stageplay.Runtime.Tests/Stageplay.Runtime.Tests.csproj" />
  </Folder>
  <Folder Name="/ThirdParty/">
    <Project Path="source/thirdparty/Facepunch.Steamworks/Facepunch.Steamworks/Facepunch.Steamworks.Posix.csproj" />
    <Project Path="source/thirdparty/Facepunch.Steamworks/Facepunch.Steamworks/Facepunch.Steamworks.Win64.csproj" />
    <Project Path="source/thirdparty/Foster/Framework/Foster.Framework.csproj" />
  </Folder>
</Solution>